
Microsoft Visual Studio Solution File, Format Version 12.00
# Visual Studio Version 17
VisualStudioVersion = 17.6.33723.286
MinimumVisualStudioVersion = 10.0.40219.1
Project("{FAE04EC0-301F-11D3-BF4B-00C04F79EFBC}") = "CW_Despos_C#", "CW_Despos_C#\CW_Despos_C#.csproj", "{22ACDDA6-5C7E-4B7F-BA24-1E8262ABC9F8}"
EndProject
Global
	GlobalSection(SolutionConfigurationPlatforms) = preSolution
		Debug|Any CPU = Debug|Any CPU
		Release|Any CPU = Release|Any CPU
	EndGlobalSection
	GlobalSection(ProjectConfigurationPlatforms) = postSolution
		{22ACDDA6-5C7E-4B7F-BA24-1E8262ABC9F8}.Debug|Any CPU.ActiveCfg = Debug|Any CPU
		{22ACDDA6-5C7E-4B7F-BA24-1E8262ABC9F8}.Debug|Any CPU.Build.0 = Debug|Any CPU
		{22ACDDA6-5C7E-4B7F-BA24-1E8262ABC9F8}.Release|Any CPU.ActiveCfg = Release|Any CPU
		{22ACDDA6-5C7E-4B7F-BA24-1E8262ABC9F8}.Release|Any CPU.Build.0 = Release|Any CPU
	EndGlobalSection
	GlobalSection(SolutionProperties) = preSolution
		HideSolutionNode = FALSE
	EndGlobalSection
	GlobalSection(ExtensibilityGlobals) = postSolution
		SolutionGuid = {B0FD915E-08E4-4D2D-89AD-D40D18E7B2B1}
	EndGlobalSection
EndGlobal
